# THIS IS AN AUTOGENERATED FILE. DO NOT EDIT THIS FILE DIRECTLY.
# yarn lockfile v1


react-spinner@^0.2.7:
  version "0.2.7"
  resolved "https://registry.yarnpkg.com/react-spinner/-/react-spinner-0.2.7.tgz#ea3ca3375dd7a54edbb5cc01d17496a2e2fc14db"
  integrity sha512-9bIDWGIumXpM7xcas/qpikRZp7AGP1uehgxwTTj/5DL6SwWHMTLfuioYgX7bdeMgOiVEMvOgLyXU3fYKQc16IA==
